{
  "lockfileVersion": 1,
  "configVersion": 0,
  "workspaces": {
    "": {
      "name": "hilostory",
      "dependencies": {
        "topbar": "3.0.0",
        "uplot": "1.6.32",
      },
      "devDependencies": {
        "@biomejs/biome": "2.3.10",
        "@total-typescript/tsconfig": "1.0.4",
        "@types/phoenix": "1.6.7",
        "typescript": "5.9.3",
      },
    },
  },
  "packages": {
    "@biomejs/biome": ["@biomejs/biome@2.3.10", "", { "optionalDependencies": { "@biomejs/cli-darwin-arm64": "2.3.10", "@biomejs/cli-darwin-x64": "2.3.10", "@biomejs/cli-linux-arm64": "2.3.10", "@biomejs/cli-linux-arm64-musl": "2.3.10", "@biomejs/cli-linux-x64": "2.3.10", "@biomejs/cli-linux-x64-musl": "2.3.10", "@biomejs/cli-win32-arm64": "2.3.10", "@biomejs/cli-win32-x64": "2.3.10" }, "bin": { "biome": "bin/biome" } }, "sha512-/uWSUd1MHX2fjqNLHNL6zLYWBbrJeG412/8H7ESuK8ewoRoMPUgHDebqKrPTx/5n6f17Xzqc9hdg3MEqA5hXnQ=="],

    "@biomejs/cli-darwin-arm64": ["@biomejs/cli-darwin-arm64@2.3.10", "", { "os": "darwin", "cpu": "arm64" }, "sha512-M6xUjtCVnNGFfK7HMNKa593nb7fwNm43fq1Mt71kpLpb+4mE7odO8W/oWVDyBVO4ackhresy1ZYO7OJcVo/B7w=="],

    "@biomejs/cli-darwin-x64": ["@biomejs/cli-darwin-x64@2.3.10", "", { "os": "darwin", "cpu": "x64" }, "sha512-Vae7+V6t/Avr8tVbFNjnFSTKZogZHFYl7MMH62P/J1kZtr0tyRQ9Fe0onjqjS2Ek9lmNLmZc/VR5uSekh+p1fg=="],

    "@biomejs/cli-linux-arm64": ["@biomejs/cli-linux-arm64@2.3.10", "", { "os": "linux", "cpu": "arm64" }, "sha512-hhPw2V3/EpHKsileVOFynuWiKRgFEV48cLe0eA+G2wO4SzlwEhLEB9LhlSrVeu2mtSn205W283LkX7Fh48CaxA=="],

    "@biomejs/cli-linux-arm64-musl": ["@biomejs/cli-linux-arm64-musl@2.3.10", "", { "os": "linux", "cpu": "arm64" }, "sha512-B9DszIHkuKtOH2IFeeVkQmSMVUjss9KtHaNXquYYWCjH8IstNgXgx5B0aSBQNr6mn4RcKKRQZXn9Zu1rM3O0/A=="],

    "@biomejs/cli-linux-x64": ["@biomejs/cli-linux-x64@2.3.10", "", { "os": "linux", "cpu": "x64" }, "sha512-wwAkWD1MR95u+J4LkWP74/vGz+tRrIQvr8kfMMJY8KOQ8+HMVleREOcPYsQX82S7uueco60L58Wc6M1I9WA9Dw=="],

    "@biomejs/cli-linux-x64-musl": ["@biomejs/cli-linux-x64-musl@2.3.10", "", { "os": "linux", "cpu": "x64" }, "sha512-QTfHZQh62SDFdYc2nfmZFuTm5yYb4eO1zwfB+90YxUumRCR171tS1GoTX5OD0wrv4UsziMPmrePMtkTnNyYG3g=="],

    "@biomejs/cli-win32-arm64": ["@biomejs/cli-win32-arm64@2.3.10", "", { "os": "win32", "cpu": "arm64" }, "sha512-o7lYc9n+CfRbHvkjPhm8s9FgbKdYZu5HCcGVMItLjz93EhgJ8AM44W+QckDqLA9MKDNFrR8nPbO4b73VC5kGGQ=="],

    "@biomejs/cli-win32-x64": ["@biomejs/cli-win32-x64@2.3.10", "", { "os": "win32", "cpu": "x64" }, "sha512-pHEFgq7dUEsKnqG9mx9bXihxGI49X+ar+UBrEIj3Wqj3UCZp1rNgV+OoyjFgcXsjCWpuEAF4VJdkZr3TrWdCbQ=="],

    "@total-typescript/tsconfig": ["@total-typescript/tsconfig@1.0.4", "", {}, "sha512-fO4ctMPGz1kOFOQ4RCPBRBfMy3gDn+pegUfrGyUFRMv/Rd0ZM3/SHH3hFCYG4u6bPLG8OlmOGcBLDexvyr3A5w=="],

    "@types/phoenix": ["@types/phoenix@1.6.7", "", {}, "sha512-oN9ive//QSBkf19rfDv45M7eZPi0eEXylht2OLEXicu5b4KoQ1OzXIw+xDSGWxSxe1JmepRR/ZH283vsu518/Q=="],

    "topbar": ["topbar@3.0.0", "", {}, "sha512-mhczD7KfYi1anfoMPKRdl0wPSWiYc0YOK4KyycYs3EaNT15pVVNDG5CtfgZcEBWIPJEdfR7r8K4hTXDD2ECBVQ=="],

    "typescript": ["typescript@5.9.3", "", { "bin": { "tsc": "bin/tsc", "tsserver": "bin/tsserver" } }, "sha512-jl1vZzPDinLr9eUt3J/t7V6FgNEw9QjvBPdysz9KfQDD41fQrC2Y4vKQdiaUpFT4bXlb1RHhLpp8wtm6M5TgSw=="],

    "uplot": ["uplot@1.6.32", "", {}, "sha512-KIMVnG68zvu5XXUbC4LQEPnhwOxBuLyW1AHtpm6IKTXImkbLgkMy+jabjLgSLMasNuGGzQm/ep3tOkyTxpiQIw=="],
  }
}
